{"format_version":"0.2","terraform_version":"1.0.4","variables":{"storage_buckets":{"value":{"storage_bucket_01":{"bucket_policy_only":false,"force_destroy":false,"location":"asia-south1","name":"terraform-vet-bucket","project_id":"searce-playground-v1","retention_policy":null,"storage_class":"STANDARD","versioning":false}}}},"planned_values":{"outputs":{"storage_buckets":{"sensitive":false}},"root_module":{"child_modules":[{"resources":[{"address":"module.storage_buckets[\"storage_bucket_01\"].google_storage_bucket.bucket","mode":"managed","type":"google_storage_bucket","name":"bucket","provider_name":"registry.terraform.io/hashicorp/google","schema_version":0,"values":{"cors":[],"custom_placement_config":[],"default_event_based_hold":null,"encryption":[],"force_destroy":false,"labels":null,"lifecycle_rule":[],"location":"ASIA-SOUTH1","logging":[],"name":"terraform-vet-bucket","project":"searce-playground-v1","requester_pays":null,"retention_policy":[],"storage_class":"STANDARD","timeouts":null,"uniform_bucket_level_access":false,"versioning":[{"enabled":false}],"website":[]},"sensitive_values":{"cors":[],"custom_placement_config":[],"encryption":[],"lifecycle_rule":[],"logging":[],"retention_policy":[],"versioning":[{}],"website":[]}}],"address":"module.storage_buckets[\"storage_bucket_01\"]"}]}},"resource_changes":[{"address":"module.storage_buckets[\"storage_bucket_01\"].google_storage_bucket.bucket","module_address":"module.storage_buckets[\"storage_bucket_01\"]","mode":"managed","type":"google_storage_bucket","name":"bucket","provider_name":"registry.terraform.io/hashicorp/google","change":{"actions":["create"],"before":null,"after":{"cors":[],"custom_placement_config":[],"default_event_based_hold":null,"encryption":[],"force_destroy":false,"labels":null,"lifecycle_rule":[],"location":"ASIA-SOUTH1","logging":[],"name":"terraform-vet-bucket","project":"searce-playground-v1","requester_pays":null,"retention_policy":[],"storage_class":"STANDARD","timeouts":null,"uniform_bucket_level_access":false,"versioning":[{"enabled":false}],"website":[]},"after_unknown":{"cors":[],"custom_placement_config":[],"encryption":[],"id":true,"lifecycle_rule":[],"logging":[],"retention_policy":[],"self_link":true,"url":true,"versioning":[{}],"website":[]},"before_sensitive":false,"after_sensitive":{"cors":[],"custom_placement_config":[],"encryption":[],"lifecycle_rule":[],"logging":[],"retention_policy":[],"versioning":[{}],"website":[]}}}],"output_changes":{"storage_buckets":{"actions":["create"],"before":null,"after_unknown":true,"before_sensitive":false,"after_sensitive":false}},"configuration":{"provider_config":{"google":{"name":"google","version_constraint":"\u003e= 3.53.0, \u003c 5.0.0"},"module.storage_buckets:google":{"name":"google","version_constraint":"\u003e= 3.53.0, \u003c 5.0.0","module_address":"module.storage_buckets"}},"root_module":{"outputs":{"storage_buckets":{"expression":{"references":["module.storage_buckets"]},"description":"The details of the created Cloud Storage Buckets."}},"module_calls":{"storage_buckets":{"source":"../terraform-google-cloud-storage/","expressions":{"bucket_policy_only":{"references":["each.value.bucket_policy_only","each.value"]},"force_destroy":{"references":["each.value.force_destroy","each.value"]},"location":{"references":["each.value.location","each.value"]},"name":{"references":["each.value.name","each.value"]},"project_id":{"references":["each.value.project_id","each.value"]},"retention_policy":{"references":["each.value.retention_policy","each.value"]},"storage_class":{"references":["each.value.storage_class","each.value"]},"versioning":{"references":["each.value.versioning","each.value"]}},"for_each_expression":{"references":["var.storage_buckets"]},"module":{"outputs":{"bucket":{"expression":{"references":["google_storage_bucket.bucket"]},"description":"The created storage bucket"}},"resources":[{"address":"google_storage_bucket.bucket","mode":"managed","type":"google_storage_bucket","name":"bucket","provider_config_key":"storage_buckets:google","expressions":{"force_destroy":{"references":["var.force_destroy"]},"location":{"references":["var.location"]},"name":{"references":["var.name"]},"project":{"references":["var.project_id"]},"storage_class":{"references":["var.storage_class"]},"uniform_bucket_level_access":{"references":["var.bucket_policy_only"]},"versioning":[{"enabled":{"references":["var.versioning"]}}]},"schema_version":0},{"address":"google_storage_bucket_iam_member.members","mode":"managed","type":"google_storage_bucket_iam_member","name":"members","provider_config_key":"storage_buckets:google","expressions":{"bucket":{"references":["google_storage_bucket.bucket.name","google_storage_bucket.bucket"]},"member":{"references":["each.value.member","each.value"]},"role":{"references":["each.value.role","each.value"]}},"schema_version":0,"for_each_expression":{"references":["var.iam_members"]}}],"variables":{"bucket_policy_only":{"default":true,"description":"Enables Bucket Policy Only access to a bucket."},"cors":{"default":[],"description":"Configuration of CORS for bucket with structure as defined in https://registry.terraform.io/providers/hashicorp/google/latest/docs/resources/storage_bucket#cors."},"encryption":{"default":null,"description":"A Cloud KMS key that will be used to encrypt objects inserted into this bucket"},"force_destroy":{"default":false,"description":"When deleting a bucket, this boolean option will delete all contained objects. If false, Terraform will fail to delete buckets which contain objects."},"iam_members":{"default":[],"description":"The list of IAM members to grant permissions on the bucket."},"labels":{"default":null,"description":"A set of key/value label pairs to assign to the bucket."},"lifecycle_rules":{"default":[],"description":"The bucket's Lifecycle Rules configuration."},"location":{"description":"The location of the bucket."},"log_bucket":{"default":null,"description":"The bucket that will receive log objects."},"log_object_prefix":{"default":null,"description":"The object prefix for log objects. If it's not provided, by default GCS sets this to this bucket's name"},"name":{"description":"The name of the bucket."},"project_id":{"description":"The ID of the project to create the bucket in."},"retention_policy":{"default":null,"description":"Configuration of the bucket's data retention policy for how long objects in the bucket should be retained."},"storage_class":{"default":null,"description":"The Storage Class of the new bucket."},"versioning":{"default":true,"description":"While set to true, versioning is fully enabled for this bucket."}}}}},"variables":{"storage_buckets":{"default":{"storage_bucket":{"bucket_policy_only":true,"force_destroy":false,"location":"","name":"","project_id":"","retention_policy":null,"storage_class":"","versioning":true}},"description":"The details of the Cloud Storage Buckets."}}}}}
